schema: '2.0'
stages:
  prepare:
    cmd: python src/prepare.py
    deps:
    - path: src/prepare.py
      hash: md5
      md5: 8718394543eeeb8c1a8b673f33750860
      size: 707
    outs:
    - path: data/raw
      hash: md5
      md5: 172b17a74a544f1f7617f8a6b2153055.dir
      size: 30869943
      nfiles: 2
  preprocess:
    cmd: python src/preprocess.py
    deps:
    - path: data/raw
      hash: md5
      md5: 172b17a74a544f1f7617f8a6b2153055.dir
      size: 30869943
      nfiles: 2
    - path: src/preprocess.py
      hash: md5
      md5: cc5007c503b7485919a961244e4e803f
      size: 2764
    params:
      params.yaml:
        preprocess.seed: 42
        preprocess.val_split: 0.1
    outs:
    - path: data/processed
      hash: md5
      md5: ed0357f9aa084e57074ed98660a15144.dir
      size: 44962591
      nfiles: 3
  train:
    cmd: python src/train.py
    deps:
    - path: data/processed/train.npz
      hash: md5
      md5: a64e2d92623dedfe0f128c786f02ea8b
      size: 34668430
    - path: data/processed/val.npz
      hash: md5
      md5: 8bd0d77b4a3c465071afc4768149a089
      size: 3846468
    - path: src/train.py
      hash: md5
      md5: 7be007f9e9577e9fb145e95fdddb19bd
      size: 2817
    params:
      params.yaml:
        train.batch_size: 32
        train.dropout_rate: 0.2
        train.epochs: 10
        train.hidden_units: 256
        train.learning_rate: 0.001
        train.seed: 42
    outs:
    - path: models/history.csv
      hash: md5
      md5: defc0110f91ab8067855be2bcca6c567
      size: 840
    - path: models/model.h5
      hash: md5
      md5: 2645174b026a7da62e5439e95a03b40c
      size: 2466904
  evaluate:
    cmd: python src/evaluate.py
    deps:
    - path: data/processed/test.npz
      hash: md5
      md5: c56cb435be3d0a1ff6a9a00aeb80e93d
      size: 6447693
    - path: models/model.h5
      hash: md5
      md5: 2645174b026a7da62e5439e95a03b40c
      size: 2466904
    - path: src/evaluate.py
      hash: md5
      md5: deeb07b4e4e0cf7431870626f5be1159
      size: 1941
    outs:
    - path: metrics.json
      hash: md5
      md5: eef267ac535cbfee90c7f651e5eec2a5
      size: 106
    - path: models/confusion_matrix.png
      hash: md5
      md5: 78dc1ea7cc8baf55f85b2b42b4b9ff41
      size: 104847
